PODS:
  - AFNetworking (3.2.1):
    - AFNetworking/NSURLSession (= 3.2.1)
    - AFNetworking/Reachability (= 3.2.1)
    - AFNetworking/Security (= 3.2.1)
    - AFNetworking/Serialization (= 3.2.1)
    - AFNetworking/UIKit (= 3.2.1)
  - AFNetworking/NSURLSession (3.2.1):
    - AFNetworking/Reachability
    - AFNetworking/Security
    - AFNetworking/Serialization
  - AFNetworking/Reachability (3.2.1)
  - AFNetworking/Security (3.2.1)
  - AFNetworking/Serialization (3.2.1)
  - AFNetworking/UIKit (3.2.1):
    - AFNetworking/NSURLSession
  - HandyJSON (4.2.1)
  - Kingfisher (4.10.1)
  - Masonry (1.1.0)
  - SnapKit (4.0.1)

DEPENDENCIES:
  - AFNetworking
  - HandyJSON (~> 4.2.0)
  - Kingfisher
  - Masonry
  - SnapKit (~> 4.0.0)

SPEC REPOS:
  https://github.com/cocoapods/specs.git:
    - AFNetworking
    - HandyJSON
    - Kingfisher
    - Masonry
    - SnapKit

SPEC CHECKSUMS:
  AFNetworking: b6f891fdfaed196b46c7a83cf209e09697b94057
  HandyJSON: d0c5fc80204f29056d59d3e5c4587fa0b16b60a8
  Kingfisher: c148cd7b47ebde9989f6bc7c27dcaa79d81279a0
  Masonry: 678fab65091a9290e40e2832a55e7ab731aad201
  SnapKit: 0de968a9fec17499afa29683b05d0c775b6d1c29

PODFILE CHECKSUM: 560d679cdb163010340d0342cd33e198c32c54e7

COCOAPODS: 1.5.3
